// !$*UTF8*$!
{
	archiveVersion = 1;
	classes = {
	};
	objectVersion = 55;
	objects = {

/* Begin PBXBuildFile section */
		63AE20A32AAAE3D7007E52DE /* AppDelegate.swift in Sources */ = {isa = PBXBuildFile; fileRef = 63AE20A22AAAE3D7007E52DE /* AppDelegate.swift */; };
		63AE20A52AAAE3D7007E52DE /* SceneDelegate.swift in Sources */ = {isa = PBXBuildFile; fileRef = 63AE20A42AAAE3D7007E52DE /* SceneDelegate.swift */; };
		63AE20A72AAAE3D7007E52DE /* ViewController.swift in Sources */ = {isa = PBXBuildFile; fileRef = 63AE20A62AAAE3D7007E52DE /* ViewController.swift */; };
		63AE20AA2AAAE3D7007E52DE /* Main.storyboard in Resources */ = {isa = PBXBuildFile; fileRef = 63AE20A82AAAE3D7007E52DE /* Main.storyboard */; };
		63AE20AC2AAAE3DB007E52DE /* Assets.xcassets in Resources */ = {isa = PBXBuildFile; fileRef = 63AE20AB2AAAE3DB007E52DE /* Assets.xcassets */; };
		63AE20AF2AAAE3DB007E52DE /* LaunchScreen.storyboard in Resources */ = {isa = PBXBuildFile; fileRef = 63AE20AD2AAAE3DB007E52DE /* LaunchScreen.storyboard */; };
		63AE20BA2AAAE3DC007E52DE /* HackwichTwo_9_5_23Tests.swift in Sources */ = {isa = PBXBuildFile; fileRef = 63AE20B92AAAE3DC007E52DE /* HackwichTwo_9_5_23Tests.swift */; };
		63AE20C42AAAE3DC007E52DE /* HackwichTwo_9_5_23UITests.swift in Sources */ = {isa = PBXBuildFile; fileRef = 63AE20C32AAAE3DC007E52DE /* HackwichTwo_9_5_23UITests.swift */; };
		63AE20C62AAAE3DC007E52DE /* HackwichTwo_9_5_23UITestsLaunchTests.swift in Sources */ = {isa = PBXBuildFile; fileRef = 63AE20C52AAAE3DC007E52DE /* HackwichTwo_9_5_23UITestsLaunchTests.swift */; };
		63C119082AB2293500A3A81A /* secondViewController.swift in Sources */ = {isa = PBXBuildFile; fileRef = 63C119072AB2293500A3A81A /* secondViewController.swift */; };
/* End PBXBuildFile section */

/* Begin PBXContainerItemProxy section */
		63AE20B62AAAE3DB007E52DE /* PBXContainerItemProxy */ = {
			isa = PBXContainerItemProxy;
			containerPortal = 63AE20972AAAE3D7007E52DE /* Project object */;
			proxyType = 1;
			remoteGlobalIDString = 63AE209E2AAAE3D7007E52DE;
			remoteInfo = HackwichTwo_9.5.23;
		};
		63AE20C02AAAE3DC007E52DE /* PBXContainerItemProxy */ = {
			isa = PBXContainerItemProxy;
			containerPortal = 63AE20972AAAE3D7007E52DE /* Project object */;
			proxyType = 1;
			remoteGlobalIDString = 63AE209E2AAAE3D7007E52DE;
			remoteInfo = HackwichTwo_9.5.23;
		};
/* End PBXContainerItemProxy section */

/* Begin PBXFileReference section */
		63AE209F2AAAE3D7007E52DE /* HackwichTwo_9.5.23.app */ = {isa = PBXFileReference; explicitFileType = wrapper.application; includeInIndex = 0; path = HackwichTwo_9.5.23.app; sourceTree = BUILT_PRODUCTS_DIR; };
		63AE20A22AAAE3D7007E52DE /* AppDelegate.swift */ = {isa = PBXFileReference; lastKnownFileType = sourcecode.swift; path = AppDelegate.swift; sourceTree = "<group>"; };
		63AE20A42AAAE3D7007E52DE /* SceneDelegate.swift */ = {isa = PBXFileReference; lastKnownFileType = sourcecode.swift; path = SceneDelegate.swift; sourceTree = "<group>"; };
		63AE20A62AAAE3D7007E52DE /* ViewController.swift */ = {isa = PBXFileReference; lastKnownFileType = sourcecode.swift; path = ViewController.swift; sourceTree = "<group>"; };
		63AE20A92AAAE3D7007E52DE /* Base */ = {isa = PBXFileReference; lastKnownFileType = file.storyboard; name = Base; path = Base.lproj/Main.storyboard; sourceTree = "<group>"; };
		63AE20AB2AAAE3DB007E52DE /* Assets.xcassets */ = {isa = PBXFileReference; lastKnownFileType = folder.assetcatalog; path = Assets.xcassets; sourceTree = "<group>"; };
		63AE20AE2AAAE3DB007E52DE /* Base */ = {isa = PBXFileReference; lastKnownFileType = file.storyboard; name = Base; path = Base.lproj/LaunchScreen.storyboard; sourceTree = "<group>"; };
		63AE20B02AAAE3DB007E52DE /* Info.plist */ = {isa = PBXFileReference; lastKnownFileType = text.plist.xml; path = Info.plist; sourceTree = "<group>"; };
		63AE20B52AAAE3DB007E52DE /* HackwichTwo_9.5.23Tests.xctest */ = {isa = PBXFileReference; explicitFileType = wrapper.cfbundle; includeInIndex = 0; path = HackwichTwo_9.5.23Tests.xctest; sourceTree = BUILT_PRODUCTS_DIR; };
		63AE20B92AAAE3DC007E52DE /* HackwichTwo_9_5_23Tests.swift */ = {isa = PBXFileReference; lastKnownFileType = sourcecode.swift; path = HackwichTwo_9_5_23Tests.swift; sourceTree = "<group>"; };
		63AE20BF2AAAE3DC007E52DE /* HackwichTwo_9.5.23UITests.xctest */ = {isa = PBXFileReference; explicitFileType = wrapper.cfbundle; includeInIndex = 0; path = HackwichTwo_9.5.23UITests.xctest; sourceTree = BUILT_PRODUCTS_DIR; };
		63AE20C32AAAE3DC007E52DE /* HackwichTwo_9_5_23UITests.swift */ = {isa = PBXFileReference; lastKnownFileType = sourcecode.swift; path = HackwichTwo_9_5_23UITests.swift; sourceTree = "<group>"; };
		63AE20C52AAAE3DC007E52DE /* HackwichTwo_9_5_23UITestsLaunchTests.swift */ = {isa = PBXFileReference; lastKnownFileType = sourcecode.swift; path = HackwichTwo_9_5_23UITestsLaunchTests.swift; sourceTree = "<group>"; };
		63C119072AB2293500A3A81A /* secondViewController.swift */ = {isa = PBXFileReference; lastKnownFileType = sourcecode.swift; path = secondViewController.swift; sourceTree = "<group>"; };
/* End PBXFileReference section */

/* Begin PBXFrameworksBuildPhase section */
		63AE209C2AAAE3D7007E52DE /* Frameworks */ = {
			isa = PBXFrameworksBuildPhase;
			buildActionMask = 2147483647;
			files = (
			);
			runOnlyForDeploymentPostprocessing = 0;
		};
		63AE20B22AAAE3DB007E52DE /* Frameworks */ = {
			isa = PBXFrameworksBuildPhase;
			buildActionMask = 2147483647;
			files = (
			);
			runOnlyForDeploymentPostprocessing = 0;
		};
		63AE20BC2AAAE3DC007E52DE /* Frameworks */ = {
			isa = PBXFrameworksBuildPhase;
			buildActionMask = 2147483647;
			files = (
			);
			runOnlyForDeploymentPostprocessing = 0;
		};
/* End PBXFrameworksBuildPhase section */

/* Begin PBXGroup section */
		63AE20962AAAE3D7007E52DE = {
			isa = PBXGroup;
			children = (
				63AE20A12AAAE3D7007E52DE /* HackwichTwo_9.5.23 */,
				63AE20B82AAAE3DC007E52DE /* HackwichTwo_9.5.23Tests */,
				63AE20C22AAAE3DC007E52DE /* HackwichTwo_9.5.23UITests */,
				63AE20A02AAAE3D7007E52DE /* Products */,
			);
			sourceTree = "<group>";
		};
		63AE20A02AAAE3D7007E52DE /* Products */ = {
			isa = PBXGroup;
			children = (
				63AE209F2AAAE3D7007E52DE /* HackwichTwo_9.5.23.app */,
				63AE20B52AAAE3DB007E52DE /* HackwichTwo_9.5.23Tests.xctest */,
				63AE20BF2AAAE3DC007E52DE /* HackwichTwo_9.5.23UITests.xctest */,
			);
			name = Products;
			sourceTree = "<group>";
		};
		63AE20A12AAAE3D7007E52DE /* HackwichTwo_9.5.23 */ = {
			isa = PBXGroup;
			children = (
				63AE20A22AAAE3D7007E52DE /* AppDelegate.swift */,
				63AE20A42AAAE3D7007E52DE /* SceneDelegate.swift */,
				63AE20A62AAAE3D7007E52DE /* ViewController.swift */,
				63AE20A82AAAE3D7007E52DE /* Main.storyboard */,
				63C119072AB2293500A3A81A /* secondViewController.swift */,
				63AE20AB2AAAE3DB007E52DE /* Assets.xcassets */,
				63AE20AD2AAAE3DB007E52DE /* LaunchScreen.storyboard */,
				63AE20B02AAAE3DB007E52DE /* Info.plist */,
			);
			path = HackwichTwo_9.5.23;
			sourceTree = "<group>";
		};
		63AE20B82AAAE3DC007E52DE /* HackwichTwo_9.5.23Tests */ = {
			isa = PBXGroup;
			children = (
				63AE20B92AAAE3DC007E52DE /* HackwichTwo_9_5_23Tests.swift */,
			);
			path = HackwichTwo_9.5.23Tests;
			sourceTree = "<group>";
		};
		63AE20C22AAAE3DC007E52DE /* HackwichTwo_9.5.23UITests */ = {
			isa = PBXGroup;
			children = (
				63AE20C32AAAE3DC007E52DE /* HackwichTwo_9_5_23UITests.swift */,
				63AE20C52AAAE3DC007E52DE /* HackwichTwo_9_5_23UITestsLaunchTests.swift */,
			);
			path = HackwichTwo_9.5.23UITests;
			sourceTree = "<group>";
		};
/* End PBXGroup section */

/* Begin PBXNativeTarget section */
		63AE209E2AAAE3D7007E52DE /* HackwichTwo_9.5.23 */ = {
			isa = PBXNativeTarget;
			buildConfigurationList = 63AE20C92AAAE3DC007E52DE /* Build configuration list for PBXNativeTarget "HackwichTwo_9.5.23" */;
			buildPhases = (
				63AE209B2AAAE3D7007E52DE /* Sources */,
				63AE209C2AAAE3D7007E52DE /* Frameworks */,
				63AE209D2AAAE3D7007E52DE /* Resources */,
			);
			buildRules = (
			);
			dependencies = (
			);
			name = HackwichTwo_9.5.23;
			productName = HackwichTwo_9.5.23;
			productReference = 63AE209F2AAAE3D7007E52DE /* HackwichTwo_9.5.23.app */;
			productType = "com.apple.product-type.application";
		};
		63AE20B42AAAE3DB007E52DE /* HackwichTwo_9.5.23Tests */ = {
			isa = PBXNativeTarget;
			buildConfigurationList = 63AE20CC2AAAE3DC007E52DE /* Build configuration list for PBXNativeTarget "HackwichTwo_9.5.23Tests" */;
			buildPhases = (
				63AE20B12AAAE3DB007E52DE /* Sources */,
				63AE20B22AAAE3DB007E52DE /* Frameworks */,
				63AE20B32AAAE3DB007E52DE /* Resources */,
			);
			buildRules = (
			);
			dependencies = (
				63AE20B72AAAE3DB007E52DE /* PBXTargetDependency */,
			);
			name = HackwichTwo_9.5.23Tests;
			productName = HackwichTwo_9.5.23Tests;
			productReference = 63AE20B52AAAE3DB007E52DE /* HackwichTwo_9.5.23Tests.xctest */;
			productType = "com.apple.product-type.bundle.unit-test";
		};
		63AE20BE2AAAE3DC007E52DE /* HackwichTwo_9.5.23UITests */ = {
			isa = PBXNativeTarget;
			buildConfigurationList = 63AE20CF2AAAE3DC007E52DE /* Build configuration list for PBXNativeTarget "HackwichTwo_9.5.23UITests" */;
			buildPhases = (
				63AE20BB2AAAE3DC007E52DE /* Sources */,
				63AE20BC2AAAE3DC007E52DE /* Frameworks */,
				63AE20BD2AAAE3DC007E52DE /* Resources */,
			);
			buildRules = (
			);
			dependencies = (
				63AE20C12AAAE3DC007E52DE /* PBXTargetDependency */,
			);
			name = HackwichTwo_9.5.23UITests;
			productName = HackwichTwo_9.5.23UITests;
			productReference = 63AE20BF2AAAE3DC007E52DE /* HackwichTwo_9.5.23UITests.xctest */;
			productType = "com.apple.product-type.bundle.ui-testing";
		};
/* End PBXNativeTarget section */

/* Begin PBXProject section */
		63AE20972AAAE3D7007E52DE /* Project object */ = {
			isa = PBXProject;
			attributes = {
				BuildIndependentTargetsInParallel = 1;
				LastSwiftUpdateCheck = 1340;
				LastUpgradeCheck = 1340;
				TargetAttributes = {
					63AE209E2AAAE3D7007E52DE = {
						CreatedOnToolsVersion = 13.4.1;
					};
					63AE20B42AAAE3DB007E52DE = {
						CreatedOnToolsVersion = 13.4.1;
						TestTargetID = 63AE209E2AAAE3D7007E52DE;
					};
					63AE20BE2AAAE3DC007E52DE = {
						CreatedOnToolsVersion = 13.4.1;
						TestTargetID = 63AE209E2AAAE3D7007E52DE;
					};
				};
			};
			buildConfigurationList = 63AE209A2AAAE3D7007E52DE /* Build configuration list for PBXProject "HackwichTwo_9.5.23" */;
			compatibilityVersion = "Xcode 13.0";
			developmentRegion = en;
			hasScannedForEncodings = 0;
			knownRegions = (
				en,
				Base,
			);
			mainGroup = 63AE20962AAAE3D7007E52DE;
			productRefGroup = 63AE20A02AAAE3D7007E52DE /* Products */;
			projectDirPath = "";
			projectRoot = "";
			targets = (
				63AE209E2AAAE3D7007E52DE /* HackwichTwo_9.5.23 */,
				63AE20B42AAAE3DB007E52DE /* HackwichTwo_9.5.23Tests */,
				63AE20BE2AAAE3DC007E52DE /* HackwichTwo_9.5.23UITests */,
			);
		};
/* End PBXProject section */

/* Begin PBXResourcesBuildPhase section */
		63AE209D2AAAE3D7007E52DE /* Resources */ = {
			isa = PBXResourcesBuildPhase;
			buildActionMask = 2147483647;
			files = (
				63AE20AF2AAAE3DB007E52DE /* LaunchScreen.storyboard in Resources */,
				63AE20AC2AAAE3DB007E52DE /* Assets.xcassets in Resources */,
				63AE20AA2AAAE3D7007E52DE /* Main.storyboard in Resources */,
			);
			runOnlyForDeploymentPostprocessing = 0;
		};
		63AE20B32AAAE3DB007E52DE /* Resources */ = {
			isa = PBXResourcesBuildPhase;
			buildActionMask = 2147483647;
			files = (
			);
			runOnlyForDeploymentPostprocessing = 0;
		};
		63AE20BD2AAAE3DC007E52DE /* Resources */ = {
			isa = PBXResourcesBuildPhase;
			buildActionMask = 2147483647;
			files = (
			);
			runOnlyForDeploymentPostprocessing = 0;
		};
/* End PBXResourcesBuildPhase section */

/* Begin PBXSourcesBuildPhase section */
		63AE209B2AAAE3D7007E52DE /* Sources */ = {
			isa = PBXSourcesBuildPhase;
			buildActionMask = 2147483647;
			files = (
				63C119082AB2293500A3A81A /* secondViewController.swift in Sources */,
				63AE20A72AAAE3D7007E52DE /* ViewController.swift in Sources */,
				63AE20A32AAAE3D7007E52DE /* AppDelegate.swift in Sources */,
				63AE20A52AAAE3D7007E52DE /* SceneDelegate.swift in Sources */,
			);
			runOnlyForDeploymentPostprocessing = 0;
		};
		63AE20B12AAAE3DB007E52DE /* Sources */ = {
			isa = PBXSourcesBuildPhase;
			buildActionMask = 2147483647;
			files = (
				63AE20BA2AAAE3DC007E52DE /* HackwichTwo_9_5_23Tests.swift in Sources */,
			);
			runOnlyForDeploymentPostprocessing = 0;
		};
		63AE20BB2AAAE3DC007E52DE /* Sources */ = {
			isa = PBXSourcesBuildPhase;
			buildActionMask = 2147483647;
			files = (
				63AE20C62AAAE3DC007E52DE /* HackwichTwo_9_5_23UITestsLaunchTests.swift in Sources */,
				63AE20C42AAAE3DC007E52DE /* HackwichTwo_9_5_23UITests.swift in Sources */,
			);
			runOnlyForDeploymentPostprocessing = 0;
		};
/* End PBXSourcesBuildPhase section */

/* Begin PBXTargetDependency section */
		63AE20B72AAAE3DB007E52DE /* PBXTargetDependency */ = {
			isa = PBXTargetDependency;
			target = 63AE209E2AAAE3D7007E52DE /* HackwichTwo_9.5.23 */;
			targetProxy = 63AE20B62AAAE3DB007E52DE /* PBXContainerItemProxy */;
		};
		63AE20C12AAAE3DC007E52DE /* PBXTargetDependency */ = {
			isa = PBXTargetDependency;
			target = 63AE209E2AAAE3D7007E52DE /* HackwichTwo_9.5.23 */;
			targetProxy = 63AE20C02AAAE3DC007E52DE /* PBXContainerItemProxy */;
		};
/* End PBXTargetDependency section */

/* Begin PBXVariantGroup section */
		63AE20A82AAAE3D7007E52DE /* Main.storyboard */ = {
			isa = PBXVariantGroup;
			children = (
				63AE20A92AAAE3D7007E52DE /* Base */,
			);
			name = Main.storyboard;
			sourceTree = "<group>";
		};
		63AE20AD2AAAE3DB007E52DE /* LaunchScreen.storyboard */ = {
			isa = PBXVariantGroup;
			children = (
				63AE20AE2AAAE3DB007E52DE /* Base */,
			);
			name = LaunchScreen.storyboard;
			sourceTree = "<group>";
		};
/* End PBXVariantGroup section */

/* Begin XCBuildConfiguration section */
		63AE20C72AAAE3DC007E52DE /* Debug */ = {
			isa = XCBuildConfiguration;
			buildSettings = {
				ALWAYS_SEARCH_USER_PATHS = NO;
				CLANG_ANALYZER_NONNULL = YES;
				CLANG_ANALYZER_NUMBER_OBJECT_CONVERSION = YES_AGGRESSIVE;
				CLANG_CXX_LANGUAGE_STANDARD = "gnu++17";
				CLANG_ENABLE_MODULES = YES;
				CLANG_ENABLE_OBJC_ARC = YES;
				CLANG_ENABLE_OBJC_WEAK = YES;
				CLANG_WARN_BLOCK_CAPTURE_AUTORELEASING = YES;
				CLANG_WARN_BOOL_CONVERSION = YES;
				CLANG_WARN_COMMA = YES;
				CLANG_WARN_CONSTANT_CONVERSION = YES;
				CLANG_WARN_DEPRECATED_OBJC_IMPLEMENTATIONS = YES;
				CLANG_WARN_DIRECT_OBJC_ISA_USAGE = YES_ERROR;
				CLANG_WARN_DOCUMENTATION_COMMENTS = YES;
				CLANG_WARN_EMPTY_BODY = YES;
				CLANG_WARN_ENUM_CONVERSION = YES;
				CLANG_WARN_INFINITE_RECURSION = YES;
				CLANG_WARN_INT_CONVERSION = YES;
				CLANG_WARN_NON_LITERAL_NULL_CONVERSION = YES;
				CLANG_WARN_OBJC_IMPLICIT_RETAIN_SELF = YES;
				CLANG_WARN_OBJC_LITERAL_CONVERSION = YES;
				CLANG_WARN_OBJC_ROOT_CLASS = YES_ERROR;
				CLANG_WARN_QUOTED_INCLUDE_IN_FRAMEWORK_HEADER = YES;
				CLANG_WARN_RANGE_LOOP_ANALYSIS = YES;
				CLANG_WARN_STRICT_PROTOTYPES = YES;
				CLANG_WARN_SUSPICIOUS_MOVE = YES;
				CLANG_WARN_UNGUARDED_AVAILABILITY = YES_AGGRESSIVE;
				CLANG_WARN_UNREACHABLE_CODE = YES;
				CLANG_WARN__DUPLICATE_METHOD_MATCH = YES;
				COPY_PHASE_STRIP = NO;
				DEBUG_INFORMATION_FORMAT = dwarf;
				ENABLE_STRICT_OBJC_MSGSEND = YES;
				ENABLE_TESTABILITY = YES;
				GCC_C_LANGUAGE_STANDARD = gnu11;
				GCC_DYNAMIC_NO_PIC = NO;
				GCC_NO_COMMON_BLOCKS = YES;
				GCC_OPTIMIZATION_LEVEL = 0;
				GCC_PREPROCESSOR_DEFINITIONS = (
					"DEBUG=1",
					"$(inherited)",
				);
				GCC_WARN_64_TO_32_BIT_CONVERSION = YES;
				GCC_WARN_ABOUT_RETURN_TYPE = YES_ERROR;
				GCC_WARN_UNDECLARED_SELECTOR = YES;
				GCC_WARN_UNINITIALIZED_AUTOS = YES_AGGRESSIVE;
				GCC_WARN_UNUSED_FUNCTION = YES;
				GCC_WARN_UNUSED_VARIABLE = YES;
				IPHONEOS_DEPLOYMENT_TARGET = 15.5;
				MTL_ENABLE_DEBUG_INFO = INCLUDE_SOURCE;
				MTL_FAST_MATH = YES;
				ONLY_ACTIVE_ARCH = YES;
				SDKROOT = iphoneos;
				SWIFT_ACTIVE_COMPILATION_CONDITIONS = DEBUG;
				SWIFT_OPTIMIZATION_LEVEL = "-Onone";
			};
			name = Debug;
		};
		63AE20C82AAAE3DC007E52DE /* Release */ = {
			isa = XCBuildConfiguration;
			buildSettings = {
				ALWAYS_SEARCH_USER_PATHS = NO;
				CLANG_ANALYZER_NONNULL = YES;
				CLANG_ANALYZER_NUMBER_OBJECT_CONVERSION = YES_AGGRESSIVE;
				CLANG_CXX_LANGUAGE_STANDARD = "gnu++17";
				CLANG_ENABLE_MODULES = YES;
				CLANG_ENABLE_OBJC_ARC = YES;
				CLANG_ENABLE_OBJC_WEAK = YES;
				CLANG_WARN_BLOCK_CAPTURE_AUTORELEASING = YES;
				CLANG_WARN_BOOL_CONVERSION = YES;
				CLANG_WARN_COMMA = YES;
				CLANG_WARN_CONSTANT_CONVERSION = YES;
				CLANG_WARN_DEPRECATED_OBJC_IMPLEMENTATIONS = YES;
				CLANG_WARN_DIRECT_OBJC_ISA_USAGE = YES_ERROR;
				CLANG_WARN_DOCUMENTATION_COMMENTS = YES;
				CLANG_WARN_EMPTY_BODY = YES;
				CLANG_WARN_ENUM_CONVERSION = YES;
				CLANG_WARN_INFINITE_RECURSION = YES;
				CLANG_WARN_INT_CONVERSION = YES;
				CLANG_WARN_NON_LITERAL_NULL_CONVERSION = YES;
				CLANG_WARN_OBJC_IMPLICIT_RETAIN_SELF = YES;
				CLANG_WARN_OBJC_LITERAL_CONVERSION = YES;
				CLANG_WARN_OBJC_ROOT_CLASS = YES_ERROR;
				CLANG_WARN_QUOTED_INCLUDE_IN_FRAMEWORK_HEADER = YES;
				CLANG_WARN_RANGE_LOOP_ANALYSIS = YES;
				CLANG_WARN_STRICT_PROTOTYPES = YES;
				CLANG_WARN_SUSPICIOUS_MOVE = YES;
				CLANG_WARN_UNGUARDED_AVAILABILITY = YES_AGGRESSIVE;
				CLANG_WARN_UNREACHABLE_CODE = YES;
				CLANG_WARN__DUPLICATE_METHOD_MATCH = YES;
				COPY_PHASE_STRIP = NO;
				DEBUG_INFORMATION_FORMAT = "dwarf-with-dsym";
				ENABLE_NS_ASSERTIONS = NO;
				ENABLE_STRICT_OBJC_MSGSEND = YES;
				GCC_C_LANGUAGE_STANDARD = gnu11;
				GCC_NO_COMMON_BLOCKS = YES;
				GCC_WARN_64_TO_32_BIT_CONVERSION = YES;
				GCC_WARN_ABOUT_RETURN_TYPE = YES_ERROR;
				GCC_WARN_UNDECLARED_SELECTOR = YES;
				GCC_WARN_UNINITIALIZED_AUTOS = YES_AGGRESSIVE;
				GCC_WARN_UNUSED_FUNCTION = YES;
				GCC_WARN_UNUSED_VARIABLE = YES;
				IPHONEOS_DEPLOYMENT_TARGET = 15.5;
				MTL_ENABLE_DEBUG_INFO = NO;
				MTL_FAST_MATH = YES;
				SDKROOT = iphoneos;
				SWIFT_COMPILATION_MODE = wholemodule;
				SWIFT_OPTIMIZATION_LEVEL = "-O";
				VALIDATE_PRODUCT = YES;
			};
			name = Release;
		};
		63AE20CA2AAAE3DC007E52DE /* Debug */ = {
			isa = XCBuildConfiguration;
			buildSettings = {
				ASSETCATALOG_COMPILER_APPICON_NAME = AppIcon;
				ASSETCATALOG_COMPILER_GLOBAL_ACCENT_COLOR_NAME = AccentColor;
				CODE_SIGN_STYLE = Automatic;
				CURRENT_PROJECT_VERSION = 1;
				DEVELOPMENT_TEAM = MRX2PG26QV;
				GENERATE_INFOPLIST_FILE = YES;
				INFOPLIST_FILE = HackwichTwo_9.5.23/Info.plist;
				INFOPLIST_KEY_UIApplicationSupportsIndirectInputEvents = YES;
				INFOPLIST_KEY_UILaunchStoryboardName = LaunchScreen;
				INFOPLIST_KEY_UIMainStoryboardFile = Main;
				INFOPLIST_KEY_UISupportedInterfaceOrientations_iPad = "UIInterfaceOrientationPortrait UIInterfaceOrientationPortraitUpsideDown UIInterfaceOrientationLandscapeLeft UIInterfaceOrientationLandscapeRight";
				INFOPLIST_KEY_UISupportedInterfaceOrientations_iPhone = "UIInterfaceOrientationPortrait UIInterfaceOrientationLandscapeLeft UIInterfaceOrientationLandscapeRight";
				LD_RUNPATH_SEARCH_PATHS = (
					"$(inherited)",
					"@executable_path/Frameworks",
				);
				MARKETING_VERSION = 1.0;
				PRODUCT_BUNDLE_IDENTIFIER = "UHWO.HackwichTwo-9-5-23";
				PRODUCT_NAME = "$(TARGET_NAME)";
				SWIFT_EMIT_LOC_STRINGS = YES;
				SWIFT_VERSION = 5.0;
				TARGETED_DEVICE_FAMILY = "1,2";
			};
			name = Debug;
		};
		63AE20CB2AAAE3DC007E52DE /* Release */ = {
			isa = XCBuildConfiguration;
			buildSettings = {
				ASSETCATALOG_COMPILER_APPICON_NAME = AppIcon;
				ASSETCATALOG_COMPILER_GLOBAL_ACCENT_COLOR_NAME = AccentColor;
				CODE_SIGN_STYLE = Automatic;
				CURRENT_PROJECT_VERSION = 1;
				DEVELOPMENT_TEAM = MRX2PG26QV;
				GENERATE_INFOPLIST_FILE = YES;
				INFOPLIST_FILE = HackwichTwo_9.5.23/Info.plist;
				INFOPLIST_KEY_UIApplicationSupportsIndirectInputEvents = YES;
				INFOPLIST_KEY_UILaunchStoryboardName = LaunchScreen;
				INFOPLIST_KEY_UIMainStoryboardFile = Main;
				INFOPLIST_KEY_UISupportedInterfaceOrientations_iPad = "UIInterfaceOrientationPortrait UIInterfaceOrientationPortraitUpsideDown UIInterfaceOrientationLandscapeLeft UIInterfaceOrientationLandscapeRight";
				INFOPLIST_KEY_UISupportedInterfaceOrientations_iPhone = "UIInterfaceOrientationPortrait UIInterfaceOrientationLandscapeLeft UIInterfaceOrientationLandscapeRight";
				LD_RUNPATH_SEARCH_PATHS = (
					"$(inherited)",
					"@executable_path/Frameworks",
				);
				MARKETING_VERSION = 1.0;
				PRODUCT_BUNDLE_IDENTIFIER = "UHWO.HackwichTwo-9-5-23";
				PRODUCT_NAME = "$(TARGET_NAME)";
				SWIFT_EMIT_LOC_STRINGS = YES;
				SWIFT_VERSION = 5.0;
				TARGETED_DEVICE_FAMILY = "1,2";
			};
			name = Release;
		};
		63AE20CD2AAAE3DC007E52DE /* Debug */ = {
			isa = XCBuildConfiguration;
			buildSettings = {
				ALWAYS_EMBED_SWIFT_STANDARD_LIBRARIES = YES;
				BUNDLE_LOADER = "$(TEST_HOST)";
				CODE_SIGN_STYLE = Automatic;
				CURRENT_PROJECT_VERSION = 1;
				DEVELOPMENT_TEAM = MRX2PG26QV;
				GENERATE_INFOPLIST_FILE = YES;
				IPHONEOS_DEPLOYMENT_TARGET = 15.5;
				MARKETING_VERSION = 1.0;
				PRODUCT_BUNDLE_IDENTIFIER = "UHWO.HackwichTwo-9-5-23Tests";
				PRODUCT_NAME = "$(TARGET_NAME)";
				SWIFT_EMIT_LOC_STRINGS = NO;
				SWIFT_VERSION = 5.0;
				TARGETED_DEVICE_FAMILY = "1,2";
				TEST_HOST = "$(BUILT_PRODUCTS_DIR)/HackwichTwo_9.5.23.app/HackwichTwo_9.5.23";
			};
			name = Debug;
		};
		63AE20CE2AAAE3DC007E52DE /* Release */ = {
			isa = XCBuildConfiguration;
			buildSettings = {
				ALWAYS_EMBED_SWIFT_STANDARD_LIBRARIES = YES;
				BUNDLE_LOADER = "$(TEST_HOST)";
				CODE_SIGN_STYLE = Automatic;
				CURRENT_PROJECT_VERSION = 1;
				DEVELOPMENT_TEAM = MRX2PG26QV;
				GENERATE_INFOPLIST_FILE = YES;
				IPHONEOS_DEPLOYMENT_TARGET = 15.5;
				MARKETING_VERSION = 1.0;
				PRODUCT_BUNDLE_IDENTIFIER = "UHWO.HackwichTwo-9-5-23Tests";
				PRODUCT_NAME = "$(TARGET_NAME)";
				SWIFT_EMIT_LOC_STRINGS = NO;
				SWIFT_VERSION = 5.0;
				TARGETED_DEVICE_FAMILY = "1,2";
				TEST_HOST = "$(BUILT_PRODUCTS_DIR)/HackwichTwo_9.5.23.app/HackwichTwo_9.5.23";
			};
			name = Release;
		};
		63AE20D02AAAE3DC007E52DE /* Debug */ = {
			isa = XCBuildConfiguration;
			buildSettings = {
				ALWAYS_EMBED_SWIFT_STANDARD_LIBRARIES = YES;
				CODE_SIGN_STYLE = Automatic;
				CURRENT_PROJECT_VERSION = 1;
				DEVELOPMENT_TEAM = MRX2PG26QV;
				GENERATE_INFOPLIST_FILE = YES;
				MARKETING_VERSION = 1.0;
				PRODUCT_BUNDLE_IDENTIFIER = "UHWO.HackwichTwo-9-5-23UITests";
				PRODUCT_NAME = "$(TARGET_NAME)";
				SWIFT_EMIT_LOC_STRINGS = NO;
				SWIFT_VERSION = 5.0;
				TARGETED_DEVICE_FAMILY = "1,2";
				TEST_TARGET_NAME = HackwichTwo_9.5.23;
			};
			name = Debug;
		};
		63AE20D12AAAE3DC007E52DE /* Release */ = {
			isa = XCBuildConfiguration;
			buildSettings = {
				ALWAYS_EMBED_SWIFT_STANDARD_LIBRARIES = YES;
				CODE_SIGN_STYLE = Automatic;
				CURRENT_PROJECT_VERSION = 1;
				DEVELOPMENT_TEAM = MRX2PG26QV;
				GENERATE_INFOPLIST_FILE = YES;
				MARKETING_VERSION = 1.0;
				PRODUCT_BUNDLE_IDENTIFIER = "UHWO.HackwichTwo-9-5-23UITests";
				PRODUCT_NAME = "$(TARGET_NAME)";
				SWIFT_EMIT_LOC_STRINGS = NO;
				SWIFT_VERSION = 5.0;
				TARGETED_DEVICE_FAMILY = "1,2";
				TEST_TARGET_NAME = HackwichTwo_9.5.23;
			};
			name = Release;
		};
/* End XCBuildConfiguration section */

/* Begin XCConfigurationList section */
		63AE209A2AAAE3D7007E52DE /* Build configuration list for PBXProject "HackwichTwo_9.5.23" */ = {
			isa = XCConfigurationList;
			buildConfigurations = (
				63AE20C72AAAE3DC007E52DE /* Debug */,
				63AE20C82AAAE3DC007E52DE /* Release */,
			);
			defaultConfigurationIsVisible = 0;
			defaultConfigurationName = Release;
		};
		63AE20C92AAAE3DC007E52DE /* Build configuration list for PBXNativeTarget "HackwichTwo_9.5.23" */ = {
			isa = XCConfigurationList;
			buildConfigurations = (
				63AE20CA2AAAE3DC007E52DE /* Debug */,
				63AE20CB2AAAE3DC007E52DE /* Release */,
			);
			defaultConfigurationIsVisible = 0;
			defaultConfigurationName = Release;
		};
		63AE20CC2AAAE3DC007E52DE /* Build configuration list for PBXNativeTarget "HackwichTwo_9.5.23Tests" */ = {
			isa = XCConfigurationList;
			buildConfigurations = (
				63AE20CD2AAAE3DC007E52DE /* Debug */,
				63AE20CE2AAAE3DC007E52DE /* Release */,
			);
			defaultConfigurationIsVisible = 0;
			defaultConfigurationName = Release;
		};
		63AE20CF2AAAE3DC007E52DE /* Build configuration list for PBXNativeTarget "HackwichTwo_9.5.23UITests" */ = {
			isa = XCConfigurationList;
			buildConfigurations = (
				63AE20D02AAAE3DC007E52DE /* Debug */,
				63AE20D12AAAE3DC007E52DE /* Release */,
			);
			defaultConfigurationIsVisible = 0;
			defaultConfigurationName = Release;
		};
/* End XCConfigurationList section */
	};
	rootObject = 63AE20972AAAE3D7007E52DE /* Project object */;
}
